// !$*UTF8*$!
{
	archiveVersion = 1;
	classes = {
	};
	objectVersion = 56;
	objects = {

/* Begin PBXBuildFile section */
		5593C7352ABA1E84009C1543 /* ViewModel.swift in Sources */ = {isa = PBXBuildFile; fileRef = 5593C7342ABA1E84009C1543 /* ViewModel.swift */; };
		5593C7382ABA396C009C1543 /* FirebaseAuth in Frameworks */ = {isa = PBXBuildFile; productRef = 5593C7372ABA396C009C1543 /* FirebaseAuth */; };
		5593C7352ABA1E84009C1543 /* LoginViewModel.swift in Sources */ = {isa = PBXBuildFile; fileRef = 5593C7342ABA1E84009C1543 /* LoginViewModel.swift */; };
		5593C73E2ABCB5E7009C1543 /* CreateAccountViewController.swift in Sources */ = {isa = PBXBuildFile; fileRef = 5593C73D2ABCB5E7009C1543 /* CreateAccountViewController.swift */; };
		5593C7412ABCD411009C1543 /* UIViewController+Alert.swift in Sources */ = {isa = PBXBuildFile; fileRef = 5593C7402ABCD411009C1543 /* UIViewController+Alert.swift */; };
		55C113E42A829EBC00B8AE0B /* TextField.swift in Sources */ = {isa = PBXBuildFile; fileRef = 55C113E32A829EBC00B8AE0B /* TextField.swift */; };
		55E7C7852A75995700BBD7C6 /* AppDelegate.swift in Sources */ = {isa = PBXBuildFile; fileRef = 55E7C7842A75995700BBD7C6 /* AppDelegate.swift */; };
		55E7C7872A75995700BBD7C6 /* SceneDelegate.swift in Sources */ = {isa = PBXBuildFile; fileRef = 55E7C7862A75995700BBD7C6 /* SceneDelegate.swift */; };
		55E7C7892A75995700BBD7C6 /* LoginViewController.swift in Sources */ = {isa = PBXBuildFile; fileRef = 55E7C7882A75995700BBD7C6 /* LoginViewController.swift */; };
		55E7C78E2A75995900BBD7C6 /* Assets.xcassets in Resources */ = {isa = PBXBuildFile; fileRef = 55E7C78D2A75995900BBD7C6 /* Assets.xcassets */; };
		55E7C7912A75995900BBD7C6 /* LaunchScreen.storyboard in Resources */ = {isa = PBXBuildFile; fileRef = 55E7C78F2A75995900BBD7C6 /* LaunchScreen.storyboard */; };
		55E7C79C2A75995900BBD7C6 /* LoginFirebaseTests.swift in Sources */ = {isa = PBXBuildFile; fileRef = 55E7C79B2A75995900BBD7C6 /* LoginFirebaseTests.swift */; };
		55E7C7A62A75995A00BBD7C6 /* LoginFirebaseUITests.swift in Sources */ = {isa = PBXBuildFile; fileRef = 55E7C7A52A75995A00BBD7C6 /* LoginFirebaseUITests.swift */; };
		55E7C7A82A75995A00BBD7C6 /* LoginFirebaseUITestsLaunchTests.swift in Sources */ = {isa = PBXBuildFile; fileRef = 55E7C7A72A75995A00BBD7C6 /* LoginFirebaseUITestsLaunchTests.swift */; };
/* End PBXBuildFile section */

/* Begin PBXContainerItemProxy section */
		55E7C7982A75995900BBD7C6 /* PBXContainerItemProxy */ = {
			isa = PBXContainerItemProxy;
			containerPortal = 55E7C7792A75995700BBD7C6 /* Project object */;
			proxyType = 1;
			remoteGlobalIDString = 55E7C7802A75995700BBD7C6;
			remoteInfo = LoginFirebase;
		};
		55E7C7A22A75995A00BBD7C6 /* PBXContainerItemProxy */ = {
			isa = PBXContainerItemProxy;
			containerPortal = 55E7C7792A75995700BBD7C6 /* Project object */;
			proxyType = 1;
			remoteGlobalIDString = 55E7C7802A75995700BBD7C6;
			remoteInfo = LoginFirebase;
		};
/* End PBXContainerItemProxy section */

/* Begin PBXFileReference section */
		5593C7342ABA1E84009C1543 /* ViewModel.swift */ = {isa = PBXFileReference; lastKnownFileType = sourcecode.swift; path = ViewModel.swift; sourceTree = "<group>"; };
		5593C7342ABA1E84009C1543 /* LoginViewModel.swift */ = {isa = PBXFileReference; lastKnownFileType = sourcecode.swift; path = LoginViewModel.swift; sourceTree = "<group>"; };
		5593C73D2ABCB5E7009C1543 /* CreateAccountViewController.swift */ = {isa = PBXFileReference; lastKnownFileType = sourcecode.swift; path = CreateAccountViewController.swift; sourceTree = "<group>"; };
		5593C7402ABCD411009C1543 /* UIViewController+Alert.swift */ = {isa = PBXFileReference; lastKnownFileType = sourcecode.swift; path = "UIViewController+Alert.swift"; sourceTree = "<group>"; };
		55C113E32A829EBC00B8AE0B /* TextField.swift */ = {isa = PBXFileReference; fileEncoding = 4; lastKnownFileType = sourcecode.swift; path = TextField.swift; sourceTree = "<group>"; };
		55E7C7812A75995700BBD7C6 /* LoginFirebase.app */ = {isa = PBXFileReference; explicitFileType = wrapper.application; includeInIndex = 0; path = LoginFirebase.app; sourceTree = BUILT_PRODUCTS_DIR; };
		55E7C7842A75995700BBD7C6 /* AppDelegate.swift */ = {isa = PBXFileReference; lastKnownFileType = sourcecode.swift; path = AppDelegate.swift; sourceTree = "<group>"; };
		55E7C7862A75995700BBD7C6 /* SceneDelegate.swift */ = {isa = PBXFileReference; lastKnownFileType = sourcecode.swift; path = SceneDelegate.swift; sourceTree = "<group>"; };
		55E7C7882A75995700BBD7C6 /* LoginViewController.swift */ = {isa = PBXFileReference; lastKnownFileType = sourcecode.swift; path = LoginViewController.swift; sourceTree = "<group>"; };
		55E7C78D2A75995900BBD7C6 /* Assets.xcassets */ = {isa = PBXFileReference; lastKnownFileType = folder.assetcatalog; path = Assets.xcassets; sourceTree = "<group>"; };
		55E7C7902A75995900BBD7C6 /* Base */ = {isa = PBXFileReference; lastKnownFileType = file.storyboard; name = Base; path = Base.lproj/LaunchScreen.storyboard; sourceTree = "<group>"; };
		55E7C7922A75995900BBD7C6 /* Info.plist */ = {isa = PBXFileReference; lastKnownFileType = text.plist.xml; path = Info.plist; sourceTree = "<group>"; };
		55E7C7972A75995900BBD7C6 /* LoginFirebaseTests.xctest */ = {isa = PBXFileReference; explicitFileType = wrapper.cfbundle; includeInIndex = 0; path = LoginFirebaseTests.xctest; sourceTree = BUILT_PRODUCTS_DIR; };
		55E7C79B2A75995900BBD7C6 /* LoginFirebaseTests.swift */ = {isa = PBXFileReference; lastKnownFileType = sourcecode.swift; path = LoginFirebaseTests.swift; sourceTree = "<group>"; };
		55E7C7A12A75995A00BBD7C6 /* LoginFirebaseUITests.xctest */ = {isa = PBXFileReference; explicitFileType = wrapper.cfbundle; includeInIndex = 0; path = LoginFirebaseUITests.xctest; sourceTree = BUILT_PRODUCTS_DIR; };
		55E7C7A52A75995A00BBD7C6 /* LoginFirebaseUITests.swift */ = {isa = PBXFileReference; lastKnownFileType = sourcecode.swift; path = LoginFirebaseUITests.swift; sourceTree = "<group>"; };
		55E7C7A72A75995A00BBD7C6 /* LoginFirebaseUITestsLaunchTests.swift */ = {isa = PBXFileReference; lastKnownFileType = sourcecode.swift; path = LoginFirebaseUITestsLaunchTests.swift; sourceTree = "<group>"; };
/* End PBXFileReference section */

/* Begin PBXFrameworksBuildPhase section */
		55E7C77E2A75995700BBD7C6 /* Frameworks */ = {
			isa = PBXFrameworksBuildPhase;
			buildActionMask = 2147483647;
			files = (
				5593C7382ABA396C009C1543 /* FirebaseAuth in Frameworks */,
			);
			runOnlyForDeploymentPostprocessing = 0;
		};
		55E7C7942A75995900BBD7C6 /* Frameworks */ = {
			isa = PBXFrameworksBuildPhase;
			buildActionMask = 2147483647;
			files = (
			);
			runOnlyForDeploymentPostprocessing = 0;
		};
		55E7C79E2A75995A00BBD7C6 /* Frameworks */ = {
			isa = PBXFrameworksBuildPhase;
			buildActionMask = 2147483647;
			files = (
			);
			runOnlyForDeploymentPostprocessing = 0;
		};
/* End PBXFrameworksBuildPhase section */

/* Begin PBXGroup section */
		553DFF6B2A83E33E00B9C181 /* TextField */ = {
			isa = PBXGroup;
			children = (
				55C113E32A829EBC00B8AE0B /* TextField.swift */,
			);
			path = TextField;
			sourceTree = "<group>";
		};
		5593C73B2ABCB50C009C1543 /* Login */ = {
			isa = PBXGroup;
			children = (
				5593C7342ABA1E84009C1543 /* LoginViewModel.swift */,
				55E7C7882A75995700BBD7C6 /* LoginViewController.swift */,
			);
			path = Login;
			sourceTree = "<group>";
		};
		5593C73C2ABCB5CA009C1543 /* CreateAccount */ = {
			isa = PBXGroup;
			children = (
				5593C73D2ABCB5E7009C1543 /* CreateAccountViewController.swift */,
			);
			path = CreateAccount;
			sourceTree = "<group>";
		};
		5593C73F2ABCD401009C1543 /* Extension */ = {
			isa = PBXGroup;
			children = (
				5593C7402ABCD411009C1543 /* UIViewController+Alert.swift */,
			);
			path = Extension;
			sourceTree = "<group>";
		};
		55C113D82A7C77FF00B8AE0B /* Application */ = {
			isa = PBXGroup;
			children = (
				55C113D92A7C784F00B8AE0B /* Delegate */,
				55E7C78F2A75995900BBD7C6 /* LaunchScreen.storyboard */,
				55E7C78D2A75995900BBD7C6 /* Assets.xcassets */,
				55E7C7922A75995900BBD7C6 /* Info.plist */,
			);
			path = Application;
			sourceTree = "<group>";
		};
		55C113D92A7C784F00B8AE0B /* Delegate */ = {
			isa = PBXGroup;
			children = (
				55E7C7842A75995700BBD7C6 /* AppDelegate.swift */,
				55E7C7862A75995700BBD7C6 /* SceneDelegate.swift */,
			);
			path = Delegate;
			sourceTree = "<group>";
		};
		55C113DA2A7C867F00B8AE0B /* View */ = {
			isa = PBXGroup;
			children = (
				5593C73C2ABCB5CA009C1543 /* CreateAccount */,
				5593C73B2ABCB50C009C1543 /* Login */,
			);
			path = View;
			sourceTree = "<group>";
		};
		55C113E12A829D8200B8AE0B /* UI */ = {
			isa = PBXGroup;
			children = (
				553DFF6B2A83E33E00B9C181 /* TextField */,
			);
			path = UI;
			sourceTree = "<group>";
		};
		55E7C7782A75995700BBD7C6 = {
			isa = PBXGroup;
			children = (
				55E7C7832A75995700BBD7C6 /* LoginFirebase */,
				55E7C79A2A75995900BBD7C6 /* LoginFirebaseTests */,
				55E7C7A42A75995A00BBD7C6 /* LoginFirebaseUITests */,
				55E7C7822A75995700BBD7C6 /* Products */,
			);
			sourceTree = "<group>";
		};
		55E7C7822A75995700BBD7C6 /* Products */ = {
			isa = PBXGroup;
			children = (
				55E7C7812A75995700BBD7C6 /* LoginFirebase.app */,
				55E7C7972A75995900BBD7C6 /* LoginFirebaseTests.xctest */,
				55E7C7A12A75995A00BBD7C6 /* LoginFirebaseUITests.xctest */,
			);
			name = Products;
			sourceTree = "<group>";
		};
		55E7C7832A75995700BBD7C6 /* LoginFirebase */ = {
			isa = PBXGroup;
			children = (
				5593C73F2ABCD401009C1543 /* Extension */,
				55C113E12A829D8200B8AE0B /* UI */,
				55C113DA2A7C867F00B8AE0B /* View */,
				55C113D82A7C77FF00B8AE0B /* Application */,
			);
			path = LoginFirebase;
			sourceTree = "<group>";
		};
		55E7C79A2A75995900BBD7C6 /* LoginFirebaseTests */ = {
			isa = PBXGroup;
			children = (
				55E7C79B2A75995900BBD7C6 /* LoginFirebaseTests.swift */,
			);
			path = LoginFirebaseTests;
			sourceTree = "<group>";
		};
		55E7C7A42A75995A00BBD7C6 /* LoginFirebaseUITests */ = {
			isa = PBXGroup;
			children = (
				55E7C7A52A75995A00BBD7C6 /* LoginFirebaseUITests.swift */,
				55E7C7A72A75995A00BBD7C6 /* LoginFirebaseUITestsLaunchTests.swift */,
			);
			path = LoginFirebaseUITests;
			sourceTree = "<group>";
		};
/* End PBXGroup section */

/* Begin PBXNativeTarget section */
		55E7C7802A75995700BBD7C6 /* LoginFirebase */ = {
			isa = PBXNativeTarget;
			buildConfigurationList = 55E7C7AB2A75995A00BBD7C6 /* Build configuration list for PBXNativeTarget "LoginFirebase" */;
			buildPhases = (
				55E7C77D2A75995700BBD7C6 /* Sources */,
				55E7C77E2A75995700BBD7C6 /* Frameworks */,
				55E7C77F2A75995700BBD7C6 /* Resources */,
			);
			buildRules = (
			);
			dependencies = (
			);
			name = LoginFirebase;
			packageProductDependencies = (
				5593C7372ABA396C009C1543 /* FirebaseAuth */,
			);
			productName = LoginFirebase;
			productReference = 55E7C7812A75995700BBD7C6 /* LoginFirebase.app */;
			productType = "com.apple.product-type.application";
		};
		55E7C7962A75995900BBD7C6 /* LoginFirebaseTests */ = {
			isa = PBXNativeTarget;
			buildConfigurationList = 55E7C7AE2A75995A00BBD7C6 /* Build configuration list for PBXNativeTarget "LoginFirebaseTests" */;
			buildPhases = (
				55E7C7932A75995900BBD7C6 /* Sources */,
				55E7C7942A75995900BBD7C6 /* Frameworks */,
				55E7C7952A75995900BBD7C6 /* Resources */,
			);
			buildRules = (
			);
			dependencies = (
				55E7C7992A75995900BBD7C6 /* PBXTargetDependency */,
			);
			name = LoginFirebaseTests;
			productName = LoginFirebaseTests;
			productReference = 55E7C7972A75995900BBD7C6 /* LoginFirebaseTests.xctest */;
			productType = "com.apple.product-type.bundle.unit-test";
		};
		55E7C7A02A75995A00BBD7C6 /* LoginFirebaseUITests */ = {
			isa = PBXNativeTarget;
			buildConfigurationList = 55E7C7B12A75995A00BBD7C6 /* Build configuration list for PBXNativeTarget "LoginFirebaseUITests" */;
			buildPhases = (
				55E7C79D2A75995A00BBD7C6 /* Sources */,
				55E7C79E2A75995A00BBD7C6 /* Frameworks */,
				55E7C79F2A75995A00BBD7C6 /* Resources */,
			);
			buildRules = (
			);
			dependencies = (
				55E7C7A32A75995A00BBD7C6 /* PBXTargetDependency */,
			);
			name = LoginFirebaseUITests;
			productName = LoginFirebaseUITests;
			productReference = 55E7C7A12A75995A00BBD7C6 /* LoginFirebaseUITests.xctest */;
			productType = "com.apple.product-type.bundle.ui-testing";
		};
/* End PBXNativeTarget section */

/* Begin PBXProject section */
		55E7C7792A75995700BBD7C6 /* Project object */ = {
			isa = PBXProject;
			attributes = {
				BuildIndependentTargetsInParallel = 1;
				LastSwiftUpdateCheck = 1430;
				LastUpgradeCheck = 1430;
				TargetAttributes = {
					55E7C7802A75995700BBD7C6 = {
						CreatedOnToolsVersion = 14.3.1;
					};
					55E7C7962A75995900BBD7C6 = {
						CreatedOnToolsVersion = 14.3.1;
						TestTargetID = 55E7C7802A75995700BBD7C6;
					};
					55E7C7A02A75995A00BBD7C6 = {
						CreatedOnToolsVersion = 14.3.1;
						TestTargetID = 55E7C7802A75995700BBD7C6;
					};
				};
			};
			buildConfigurationList = 55E7C77C2A75995700BBD7C6 /* Build configuration list for PBXProject "LoginFirebase" */;
			compatibilityVersion = "Xcode 14.0";
			developmentRegion = en;
			hasScannedForEncodings = 0;
			knownRegions = (
				en,
				Base,
			);
			mainGroup = 55E7C7782A75995700BBD7C6;
			packageReferences = (
				5593C7362ABA396C009C1543 /* XCRemoteSwiftPackageReference "firebase-ios-sdk" */,
			);
			productRefGroup = 55E7C7822A75995700BBD7C6 /* Products */;
			projectDirPath = "";
			projectRoot = "";
			targets = (
				55E7C7802A75995700BBD7C6 /* LoginFirebase */,
				55E7C7962A75995900BBD7C6 /* LoginFirebaseTests */,
				55E7C7A02A75995A00BBD7C6 /* LoginFirebaseUITests */,
			);
		};
/* End PBXProject section */

/* Begin PBXResourcesBuildPhase section */
		55E7C77F2A75995700BBD7C6 /* Resources */ = {
			isa = PBXResourcesBuildPhase;
			buildActionMask = 2147483647;
			files = (
				55E7C7912A75995900BBD7C6 /* LaunchScreen.storyboard in Resources */,
				55E7C78E2A75995900BBD7C6 /* Assets.xcassets in Resources */,
			);
			runOnlyForDeploymentPostprocessing = 0;
		};
		55E7C7952A75995900BBD7C6 /* Resources */ = {
			isa = PBXResourcesBuildPhase;
			buildActionMask = 2147483647;
			files = (
			);
			runOnlyForDeploymentPostprocessing = 0;
		};
		55E7C79F2A75995A00BBD7C6 /* Resources */ = {
			isa = PBXResourcesBuildPhase;
			buildActionMask = 2147483647;
			files = (
			);
			runOnlyForDeploymentPostprocessing = 0;
		};
/* End PBXResourcesBuildPhase section */

/* Begin PBXSourcesBuildPhase section */
		55E7C77D2A75995700BBD7C6 /* Sources */ = {
			isa = PBXSourcesBuildPhase;
			buildActionMask = 2147483647;
			files = (
				5593C73E2ABCB5E7009C1543 /* CreateAccountViewController.swift in Sources */,
				5593C7352ABA1E84009C1543 /* LoginViewModel.swift in Sources */,
				55E7C7892A75995700BBD7C6 /* LoginViewController.swift in Sources */,
				55C113E42A829EBC00B8AE0B /* TextField.swift in Sources */,
				55E7C7852A75995700BBD7C6 /* AppDelegate.swift in Sources */,
				55E7C7872A75995700BBD7C6 /* SceneDelegate.swift in Sources */,
				5593C7412ABCD411009C1543 /* UIViewController+Alert.swift in Sources */,
			);
			runOnlyForDeploymentPostprocessing = 0;
		};
		55E7C7932A75995900BBD7C6 /* Sources */ = {
			isa = PBXSourcesBuildPhase;
			buildActionMask = 2147483647;
			files = (
				55E7C79C2A75995900BBD7C6 /* LoginFirebaseTests.swift in Sources */,
			);
			runOnlyForDeploymentPostprocessing = 0;
		};
		55E7C79D2A75995A00BBD7C6 /* Sources */ = {
			isa = PBXSourcesBuildPhase;
			buildActionMask = 2147483647;
			files = (
				55E7C7A62A75995A00BBD7C6 /* LoginFirebaseUITests.swift in Sources */,
				55E7C7A82A75995A00BBD7C6 /* LoginFirebaseUITestsLaunchTests.swift in Sources */,
			);
			runOnlyForDeploymentPostprocessing = 0;
		};
/* End PBXSourcesBuildPhase section */

/* Begin PBXTargetDependency section */
		55E7C7992A75995900BBD7C6 /* PBXTargetDependency */ = {
			isa = PBXTargetDependency;
			target = 55E7C7802A75995700BBD7C6 /* LoginFirebase */;
			targetProxy = 55E7C7982A75995900BBD7C6 /* PBXContainerItemProxy */;
		};
		55E7C7A32A75995A00BBD7C6 /* PBXTargetDependency */ = {
			isa = PBXTargetDependency;
			target = 55E7C7802A75995700BBD7C6 /* LoginFirebase */;
			targetProxy = 55E7C7A22A75995A00BBD7C6 /* PBXContainerItemProxy */;
		};
/* End PBXTargetDependency section */

/* Begin PBXVariantGroup section */
		55E7C78F2A75995900BBD7C6 /* LaunchScreen.storyboard */ = {
			isa = PBXVariantGroup;
			children = (
				55E7C7902A75995900BBD7C6 /* Base */,
			);
			name = LaunchScreen.storyboard;
			sourceTree = "<group>";
		};
/* End PBXVariantGroup section */

/* Begin XCBuildConfiguration section */
		55E7C7A92A75995A00BBD7C6 /* Debug */ = {
			isa = XCBuildConfiguration;
			buildSettings = {
				ALWAYS_SEARCH_USER_PATHS = NO;
				CLANG_ANALYZER_NONNULL = YES;
				CLANG_ANALYZER_NUMBER_OBJECT_CONVERSION = YES_AGGRESSIVE;
				CLANG_CXX_LANGUAGE_STANDARD = "gnu++20";
				CLANG_ENABLE_MODULES = YES;
				CLANG_ENABLE_OBJC_ARC = YES;
				CLANG_ENABLE_OBJC_WEAK = YES;
				CLANG_WARN_BLOCK_CAPTURE_AUTORELEASING = YES;
				CLANG_WARN_BOOL_CONVERSION = YES;
				CLANG_WARN_COMMA = YES;
				CLANG_WARN_CONSTANT_CONVERSION = YES;
				CLANG_WARN_DEPRECATED_OBJC_IMPLEMENTATIONS = YES;
				CLANG_WARN_DIRECT_OBJC_ISA_USAGE = YES_ERROR;
				CLANG_WARN_DOCUMENTATION_COMMENTS = YES;
				CLANG_WARN_EMPTY_BODY = YES;
				CLANG_WARN_ENUM_CONVERSION = YES;
				CLANG_WARN_INFINITE_RECURSION = YES;
				CLANG_WARN_INT_CONVERSION = YES;
				CLANG_WARN_NON_LITERAL_NULL_CONVERSION = YES;
				CLANG_WARN_OBJC_IMPLICIT_RETAIN_SELF = YES;
				CLANG_WARN_OBJC_LITERAL_CONVERSION = YES;
				CLANG_WARN_OBJC_ROOT_CLASS = YES_ERROR;
				CLANG_WARN_QUOTED_INCLUDE_IN_FRAMEWORK_HEADER = YES;
				CLANG_WARN_RANGE_LOOP_ANALYSIS = YES;
				CLANG_WARN_STRICT_PROTOTYPES = YES;
				CLANG_WARN_SUSPICIOUS_MOVE = YES;
				CLANG_WARN_UNGUARDED_AVAILABILITY = YES_AGGRESSIVE;
				CLANG_WARN_UNREACHABLE_CODE = YES;
				CLANG_WARN__DUPLICATE_METHOD_MATCH = YES;
				COPY_PHASE_STRIP = NO;
				DEBUG_INFORMATION_FORMAT = dwarf;
				ENABLE_STRICT_OBJC_MSGSEND = YES;
				ENABLE_TESTABILITY = YES;
				GCC_C_LANGUAGE_STANDARD = gnu11;
				GCC_DYNAMIC_NO_PIC = NO;
				GCC_NO_COMMON_BLOCKS = YES;
				GCC_OPTIMIZATION_LEVEL = 0;
				GCC_PREPROCESSOR_DEFINITIONS = (
					"DEBUG=1",
					"$(inherited)",
				);
				GCC_WARN_64_TO_32_BIT_CONVERSION = YES;
				GCC_WARN_ABOUT_RETURN_TYPE = YES_ERROR;
				GCC_WARN_UNDECLARED_SELECTOR = YES;
				GCC_WARN_UNINITIALIZED_AUTOS = YES_AGGRESSIVE;
				GCC_WARN_UNUSED_FUNCTION = YES;
				GCC_WARN_UNUSED_VARIABLE = YES;
				IPHONEOS_DEPLOYMENT_TARGET = 16.4;
				MTL_ENABLE_DEBUG_INFO = INCLUDE_SOURCE;
				MTL_FAST_MATH = YES;
				ONLY_ACTIVE_ARCH = YES;
				SDKROOT = iphoneos;
				SWIFT_ACTIVE_COMPILATION_CONDITIONS = DEBUG;
				SWIFT_OPTIMIZATION_LEVEL = "-Onone";
			};
			name = Debug;
		};
		55E7C7AA2A75995A00BBD7C6 /* Release */ = {
			isa = XCBuildConfiguration;
			buildSettings = {
				ALWAYS_SEARCH_USER_PATHS = NO;
				CLANG_ANALYZER_NONNULL = YES;
				CLANG_ANALYZER_NUMBER_OBJECT_CONVERSION = YES_AGGRESSIVE;
				CLANG_CXX_LANGUAGE_STANDARD = "gnu++20";
				CLANG_ENABLE_MODULES = YES;
				CLANG_ENABLE_OBJC_ARC = YES;
				CLANG_ENABLE_OBJC_WEAK = YES;
				CLANG_WARN_BLOCK_CAPTURE_AUTORELEASING = YES;
				CLANG_WARN_BOOL_CONVERSION = YES;
				CLANG_WARN_COMMA = YES;
				CLANG_WARN_CONSTANT_CONVERSION = YES;
				CLANG_WARN_DEPRECATED_OBJC_IMPLEMENTATIONS = YES;
				CLANG_WARN_DIRECT_OBJC_ISA_USAGE = YES_ERROR;
				CLANG_WARN_DOCUMENTATION_COMMENTS = YES;
				CLANG_WARN_EMPTY_BODY = YES;
				CLANG_WARN_ENUM_CONVERSION = YES;
				CLANG_WARN_INFINITE_RECURSION = YES;
				CLANG_WARN_INT_CONVERSION = YES;
				CLANG_WARN_NON_LITERAL_NULL_CONVERSION = YES;
				CLANG_WARN_OBJC_IMPLICIT_RETAIN_SELF = YES;
				CLANG_WARN_OBJC_LITERAL_CONVERSION = YES;
				CLANG_WARN_OBJC_ROOT_CLASS = YES_ERROR;
				CLANG_WARN_QUOTED_INCLUDE_IN_FRAMEWORK_HEADER = YES;
				CLANG_WARN_RANGE_LOOP_ANALYSIS = YES;
				CLANG_WARN_STRICT_PROTOTYPES = YES;
				CLANG_WARN_SUSPICIOUS_MOVE = YES;
				CLANG_WARN_UNGUARDED_AVAILABILITY = YES_AGGRESSIVE;
				CLANG_WARN_UNREACHABLE_CODE = YES;
				CLANG_WARN__DUPLICATE_METHOD_MATCH = YES;
				COPY_PHASE_STRIP = NO;
				DEBUG_INFORMATION_FORMAT = "dwarf-with-dsym";
				ENABLE_NS_ASSERTIONS = NO;
				ENABLE_STRICT_OBJC_MSGSEND = YES;
				GCC_C_LANGUAGE_STANDARD = gnu11;
				GCC_NO_COMMON_BLOCKS = YES;
				GCC_WARN_64_TO_32_BIT_CONVERSION = YES;
				GCC_WARN_ABOUT_RETURN_TYPE = YES_ERROR;
				GCC_WARN_UNDECLARED_SELECTOR = YES;
				GCC_WARN_UNINITIALIZED_AUTOS = YES_AGGRESSIVE;
				GCC_WARN_UNUSED_FUNCTION = YES;
				GCC_WARN_UNUSED_VARIABLE = YES;
				IPHONEOS_DEPLOYMENT_TARGET = 16.4;
				MTL_ENABLE_DEBUG_INFO = NO;
				MTL_FAST_MATH = YES;
				SDKROOT = iphoneos;
				SWIFT_COMPILATION_MODE = wholemodule;
				SWIFT_OPTIMIZATION_LEVEL = "-O";
				VALIDATE_PRODUCT = YES;
			};
			name = Release;
		};
		55E7C7AC2A75995A00BBD7C6 /* Debug */ = {
			isa = XCBuildConfiguration;
			buildSettings = {
				ASSETCATALOG_COMPILER_APPICON_NAME = AppIcon;
				ASSETCATALOG_COMPILER_GLOBAL_ACCENT_COLOR_NAME = AccentColor;
				CODE_SIGN_STYLE = Automatic;
				CURRENT_PROJECT_VERSION = 1;
				DEVELOPMENT_TEAM = 9VJNM48GB5;
				GENERATE_INFOPLIST_FILE = YES;
				INFOPLIST_FILE = LoginFirebase/Application/Info.plist;
				INFOPLIST_KEY_UIApplicationSupportsIndirectInputEvents = YES;
				INFOPLIST_KEY_UILaunchStoryboardName = LaunchScreen;
				INFOPLIST_KEY_UIMainStoryboardFile = "";
				INFOPLIST_KEY_UISupportedInterfaceOrientations_iPad = "UIInterfaceOrientationPortrait UIInterfaceOrientationPortraitUpsideDown UIInterfaceOrientationLandscapeLeft UIInterfaceOrientationLandscapeRight";
				INFOPLIST_KEY_UISupportedInterfaceOrientations_iPhone = "UIInterfaceOrientationPortrait UIInterfaceOrientationLandscapeLeft UIInterfaceOrientationLandscapeRight";
				LD_RUNPATH_SEARCH_PATHS = (
					"$(inherited)",
					"@executable_path/Frameworks",
				);
				MARKETING_VERSION = 1.0;
				PRODUCT_BUNDLE_IDENTIFIER = com.rcbdev.LoginFirebase;
				PRODUCT_NAME = "$(TARGET_NAME)";
				SWIFT_EMIT_LOC_STRINGS = YES;
				SWIFT_VERSION = 5.0;
				TARGETED_DEVICE_FAMILY = "1,2";
			};
			name = Debug;
		};
		55E7C7AD2A75995A00BBD7C6 /* Release */ = {
			isa = XCBuildConfiguration;
			buildSettings = {
				ASSETCATALOG_COMPILER_APPICON_NAME = AppIcon;
				ASSETCATALOG_COMPILER_GLOBAL_ACCENT_COLOR_NAME = AccentColor;
				CODE_SIGN_STYLE = Automatic;
				CURRENT_PROJECT_VERSION = 1;
				DEVELOPMENT_TEAM = 9VJNM48GB5;
				GENERATE_INFOPLIST_FILE = YES;
				INFOPLIST_FILE = LoginFirebase/Application/Info.plist;
				INFOPLIST_KEY_UIApplicationSupportsIndirectInputEvents = YES;
				INFOPLIST_KEY_UILaunchStoryboardName = LaunchScreen;
				INFOPLIST_KEY_UIMainStoryboardFile = "";
				INFOPLIST_KEY_UISupportedInterfaceOrientations_iPad = "UIInterfaceOrientationPortrait UIInterfaceOrientationPortraitUpsideDown UIInterfaceOrientationLandscapeLeft UIInterfaceOrientationLandscapeRight";
				INFOPLIST_KEY_UISupportedInterfaceOrientations_iPhone = "UIInterfaceOrientationPortrait UIInterfaceOrientationLandscapeLeft UIInterfaceOrientationLandscapeRight";
				LD_RUNPATH_SEARCH_PATHS = (
					"$(inherited)",
					"@executable_path/Frameworks",
				);
				MARKETING_VERSION = 1.0;
				PRODUCT_BUNDLE_IDENTIFIER = com.rcbdev.LoginFirebase;
				PRODUCT_NAME = "$(TARGET_NAME)";
				SWIFT_EMIT_LOC_STRINGS = YES;
				SWIFT_VERSION = 5.0;
				TARGETED_DEVICE_FAMILY = "1,2";
			};
			name = Release;
		};
		55E7C7AF2A75995A00BBD7C6 /* Debug */ = {
			isa = XCBuildConfiguration;
			buildSettings = {
				ALWAYS_EMBED_SWIFT_STANDARD_LIBRARIES = YES;
				BUNDLE_LOADER = "$(TEST_HOST)";
				CODE_SIGN_STYLE = Automatic;
				CURRENT_PROJECT_VERSION = 1;
				DEVELOPMENT_TEAM = 9VJNM48GB5;
				GENERATE_INFOPLIST_FILE = YES;
				IPHONEOS_DEPLOYMENT_TARGET = 16.4;
				MARKETING_VERSION = 1.0;
				PRODUCT_BUNDLE_IDENTIFIER = com.rcbdev.LoginFirebaseTests;
				PRODUCT_NAME = "$(TARGET_NAME)";
				SWIFT_EMIT_LOC_STRINGS = NO;
				SWIFT_VERSION = 5.0;
				TARGETED_DEVICE_FAMILY = "1,2";
				TEST_HOST = "$(BUILT_PRODUCTS_DIR)/LoginFirebase.app/$(BUNDLE_EXECUTABLE_FOLDER_PATH)/LoginFirebase";
			};
			name = Debug;
		};
		55E7C7B02A75995A00BBD7C6 /* Release */ = {
			isa = XCBuildConfiguration;
			buildSettings = {
				ALWAYS_EMBED_SWIFT_STANDARD_LIBRARIES = YES;
				BUNDLE_LOADER = "$(TEST_HOST)";
				CODE_SIGN_STYLE = Automatic;
				CURRENT_PROJECT_VERSION = 1;
				DEVELOPMENT_TEAM = 9VJNM48GB5;
				GENERATE_INFOPLIST_FILE = YES;
				IPHONEOS_DEPLOYMENT_TARGET = 16.4;
				MARKETING_VERSION = 1.0;
				PRODUCT_BUNDLE_IDENTIFIER = com.rcbdev.LoginFirebaseTests;
				PRODUCT_NAME = "$(TARGET_NAME)";
				SWIFT_EMIT_LOC_STRINGS = NO;
				SWIFT_VERSION = 5.0;
				TARGETED_DEVICE_FAMILY = "1,2";
				TEST_HOST = "$(BUILT_PRODUCTS_DIR)/LoginFirebase.app/$(BUNDLE_EXECUTABLE_FOLDER_PATH)/LoginFirebase";
			};
			name = Release;
		};
		55E7C7B22A75995A00BBD7C6 /* Debug */ = {
			isa = XCBuildConfiguration;
			buildSettings = {
				ALWAYS_EMBED_SWIFT_STANDARD_LIBRARIES = YES;
				CODE_SIGN_STYLE = Automatic;
				CURRENT_PROJECT_VERSION = 1;
				DEVELOPMENT_TEAM = 9VJNM48GB5;
				GENERATE_INFOPLIST_FILE = YES;
				MARKETING_VERSION = 1.0;
				PRODUCT_BUNDLE_IDENTIFIER = com.rcbdev.LoginFirebaseUITests;
				PRODUCT_NAME = "$(TARGET_NAME)";
				SWIFT_EMIT_LOC_STRINGS = NO;
				SWIFT_VERSION = 5.0;
				TARGETED_DEVICE_FAMILY = "1,2";
				TEST_TARGET_NAME = LoginFirebase;
			};
			name = Debug;
		};
		55E7C7B32A75995A00BBD7C6 /* Release */ = {
			isa = XCBuildConfiguration;
			buildSettings = {
				ALWAYS_EMBED_SWIFT_STANDARD_LIBRARIES = YES;
				CODE_SIGN_STYLE = Automatic;
				CURRENT_PROJECT_VERSION = 1;
				DEVELOPMENT_TEAM = 9VJNM48GB5;
				GENERATE_INFOPLIST_FILE = YES;
				MARKETING_VERSION = 1.0;
				PRODUCT_BUNDLE_IDENTIFIER = com.rcbdev.LoginFirebaseUITests;
				PRODUCT_NAME = "$(TARGET_NAME)";
				SWIFT_EMIT_LOC_STRINGS = NO;
				SWIFT_VERSION = 5.0;
				TARGETED_DEVICE_FAMILY = "1,2";
				TEST_TARGET_NAME = LoginFirebase;
			};
			name = Release;
		};
/* End XCBuildConfiguration section */

/* Begin XCConfigurationList section */
		55E7C77C2A75995700BBD7C6 /* Build configuration list for PBXProject "LoginFirebase" */ = {
			isa = XCConfigurationList;
			buildConfigurations = (
				55E7C7A92A75995A00BBD7C6 /* Debug */,
				55E7C7AA2A75995A00BBD7C6 /* Release */,
			);
			defaultConfigurationIsVisible = 0;
			defaultConfigurationName = Release;
		};
		55E7C7AB2A75995A00BBD7C6 /* Build configuration list for PBXNativeTarget "LoginFirebase" */ = {
			isa = XCConfigurationList;
			buildConfigurations = (
				55E7C7AC2A75995A00BBD7C6 /* Debug */,
				55E7C7AD2A75995A00BBD7C6 /* Release */,
			);
			defaultConfigurationIsVisible = 0;
			defaultConfigurationName = Release;
		};
		55E7C7AE2A75995A00BBD7C6 /* Build configuration list for PBXNativeTarget "LoginFirebaseTests" */ = {
			isa = XCConfigurationList;
			buildConfigurations = (
				55E7C7AF2A75995A00BBD7C6 /* Debug */,
				55E7C7B02A75995A00BBD7C6 /* Release */,
			);
			defaultConfigurationIsVisible = 0;
			defaultConfigurationName = Release;
		};
		55E7C7B12A75995A00BBD7C6 /* Build configuration list for PBXNativeTarget "LoginFirebaseUITests" */ = {
			isa = XCConfigurationList;
			buildConfigurations = (
				55E7C7B22A75995A00BBD7C6 /* Debug */,
				55E7C7B32A75995A00BBD7C6 /* Release */,
			);
			defaultConfigurationIsVisible = 0;
			defaultConfigurationName = Release;
		};
/* End XCConfigurationList section */

/* Begin XCRemoteSwiftPackageReference section */
		5593C7362ABA396C009C1543 /* XCRemoteSwiftPackageReference "firebase-ios-sdk" */ = {
			isa = XCRemoteSwiftPackageReference;
			repositoryURL = "https://github.com/firebase/firebase-ios-sdk.git";
			requirement = {
				kind = upToNextMajorVersion;
				minimumVersion = 10.0.0;
			};
		};
/* End XCRemoteSwiftPackageReference section */

/* Begin XCSwiftPackageProductDependency section */
		5593C7372ABA396C009C1543 /* FirebaseAuth */ = {
			isa = XCSwiftPackageProductDependency;
			package = 5593C7362ABA396C009C1543 /* XCRemoteSwiftPackageReference "firebase-ios-sdk" */;
			productName = FirebaseAuth;
		};
/* End XCSwiftPackageProductDependency section */
	};
	rootObject = 55E7C7792A75995700BBD7C6 /* Project object */;
}
